
Microsoft Visual Studio Solution File, Format Version 12.00
# Visual Studio Version 16
VisualStudioVersion = 16.0.28922.388
MinimumVisualStudioVersion = 10.0.40219.1
Project("{9A19103F-16F7-4668-BE54-9A1E7A4F7556}") = "yetAnotherMovieDB", "yetAnotherMovieDB\yetAnotherMovieDB.csproj", "{AED91089-9157-4AB9-9BFA-43AC305D0B83}"
EndProject
Global
	GlobalSection(SolutionConfigurationPlatforms) = preSolution
		Debug|Any CPU = Debug|Any CPU
		Release|Any CPU = Release|Any CPU
	EndGlobalSection
	GlobalSection(ProjectConfigurationPlatforms) = postSolution
		{AED91089-9157-4AB9-9BFA-43AC305D0B83}.Debug|Any CPU.ActiveCfg = Debug|Any CPU
		{AED91089-9157-4AB9-9BFA-43AC305D0B83}.Debug|Any CPU.Build.0 = Debug|Any CPU
		{AED91089-9157-4AB9-9BFA-43AC305D0B83}.Release|Any CPU.ActiveCfg = Release|Any CPU
		{AED91089-9157-4AB9-9BFA-43AC305D0B83}.Release|Any CPU.Build.0 = Release|Any CPU
	EndGlobalSection
	GlobalSection(SolutionProperties) = preSolution
		HideSolutionNode = FALSE
	EndGlobalSection
	GlobalSection(ExtensibilityGlobals) = postSolution
		SolutionGuid = {8F384C49-BCBA-4909-A396-64F18E3CE35F}
	EndGlobalSection
EndGlobal
